
Microsoft Visual Studio Solution File, Format Version 12.00
# Visual Studio 14
VisualStudioVersion = 14.0.25420.1
MinimumVisualStudioVersion = 10.0.40219.1
Project("{FAE04EC0-301F-11D3-BF4B-00C04F79EFBC}") = "RestEasyBooking", "RestEasyBooking\RestEasyBooking.csproj", "{0644F640-7AE5-48C5-ADD5-B5F55812281F}"
EndProject
Project("{2150E333-8FDC-42A3-9474-1A3956D46DE8}") = "Solution Items", "Solution Items", "{D1D0BEE3-2A77-4E57-962B-B3A68B95E93E}"
	ProjectSection(SolutionItems) = preProject
		RestEasyBooking\RestEasyBooking.mdf = RestEasyBooking\RestEasyBooking.mdf
	EndProjectSection
EndProject
Global
	GlobalSection(SolutionConfigurationPlatforms) = preSolution
		Debug|Any CPU = Debug|Any CPU
		Release|Any CPU = Release|Any CPU
	EndGlobalSection
	GlobalSection(ProjectConfigurationPlatforms) = postSolution
		{0644F640-7AE5-48C5-ADD5-B5F55812281F}.Debug|Any CPU.ActiveCfg = Debug|Any CPU
		{0644F640-7AE5-48C5-ADD5-B5F55812281F}.Debug|Any CPU.Build.0 = Debug|Any CPU
		{0644F640-7AE5-48C5-ADD5-B5F55812281F}.Release|Any CPU.ActiveCfg = Release|Any CPU
		{0644F640-7AE5-48C5-ADD5-B5F55812281F}.Release|Any CPU.Build.0 = Release|Any CPU
	EndGlobalSection
	GlobalSection(SolutionProperties) = preSolution
		HideSolutionNode = FALSE
	EndGlobalSection
	GlobalSection(ExtensibilityGlobals) = postSolution
		SolutionGuid = {7AE004B2-B022-416E-B691-6E6FFBF70E25}
	EndGlobalSection
EndGlobal
